
Microsoft Visual Studio Solution File, Format Version 12.00
# Visual Studio Version 17
VisualStudioVersion = 17.4.33103.184
MinimumVisualStudioVersion = 10.0.40219.1
Project("{FAE04EC0-301F-11D3-BF4B-00C04F79EFBC}") = "SP4_LUNA", "SP4_LUNA\SP4_LUNA.csproj", "{F17BE601-E2FE-4ED3-B760-30349BBC7F3D}"
EndProject
Global
	GlobalSection(SolutionConfigurationPlatforms) = preSolution
		Debug|Any CPU = Debug|Any CPU
		Release|Any CPU = Release|Any CPU
	EndGlobalSection
	GlobalSection(ProjectConfigurationPlatforms) = postSolution
		{F17BE601-E2FE-4ED3-B760-30349BBC7F3D}.Debug|Any CPU.ActiveCfg = Debug|Any CPU
		{F17BE601-E2FE-4ED3-B760-30349BBC7F3D}.Debug|Any CPU.Build.0 = Debug|Any CPU
		{F17BE601-E2FE-4ED3-B760-30349BBC7F3D}.Release|Any CPU.ActiveCfg = Release|Any CPU
		{F17BE601-E2FE-4ED3-B760-30349BBC7F3D}.Release|Any CPU.Build.0 = Release|Any CPU
	EndGlobalSection
	GlobalSection(SolutionProperties) = preSolution
		HideSolutionNode = FALSE
	EndGlobalSection
	GlobalSection(ExtensibilityGlobals) = postSolution
		SolutionGuid = {DDF7BB51-99B5-4477-842A-58D224C8785C}
	EndGlobalSection
EndGlobal
